
Microsoft Visual Studio Solution File, Format Version 12.00
# Visual Studio Version 17
VisualStudioVersion = 17.0.31903.59
MinimumVisualStudioVersion = 10.0.40219.1
Project("{9A19103F-16F7-4668-BE54-9A1E7A4F7556}") = "Restaurants.API", "Restaurants.API\Restaurants.API.csproj", "{4D6446CE-CF92-4E2F-B75C-36291F3998EE}"
EndProject
Project("{FAE04EC0-301F-11D3-BF4B-00C04F79EFBC}") = "Restaurants.Domain", "Restaurants.Domain\Restaurants.Domain.csproj", "{59029C12-D9FE-47CF-8B29-8FBAE8514808}"
EndProject
Project("{FAE04EC0-301F-11D3-BF4B-00C04F79EFBC}") = "Restaurants.Application", "Restaurants.Application\Restaurants.Application.csproj", "{3C2AAA74-968D-434F-AC3D-70A2AD712D37}"
EndProject
Project("{FAE04EC0-301F-11D3-BF4B-00C04F79EFBC}") = "Restaurants.Infrastructure", "Restaurants.Infrastructure\Restaurants.Infrastructure.csproj", "{D34F27C2-C284-4C66-B21A-99EEC5687D69}"
EndProject
Global
	GlobalSection(SolutionConfigurationPlatforms) = preSolution
		Debug|Any CPU = Debug|Any CPU
		Release|Any CPU = Release|Any CPU
	EndGlobalSection
	GlobalSection(ProjectConfigurationPlatforms) = postSolution
		{4D6446CE-CF92-4E2F-B75C-36291F3998EE}.Debug|Any CPU.ActiveCfg = Debug|Any CPU
		{4D6446CE-CF92-4E2F-B75C-36291F3998EE}.Debug|Any CPU.Build.0 = Debug|Any CPU
		{4D6446CE-CF92-4E2F-B75C-36291F3998EE}.Release|Any CPU.ActiveCfg = Release|Any CPU
		{4D6446CE-CF92-4E2F-B75C-36291F3998EE}.Release|Any CPU.Build.0 = Release|Any CPU
		{59029C12-D9FE-47CF-8B29-8FBAE8514808}.Debug|Any CPU.ActiveCfg = Debug|Any CPU
		{59029C12-D9FE-47CF-8B29-8FBAE8514808}.Debug|Any CPU.Build.0 = Debug|Any CPU
		{59029C12-D9FE-47CF-8B29-8FBAE8514808}.Release|Any CPU.ActiveCfg = Release|Any CPU
		{59029C12-D9FE-47CF-8B29-8FBAE8514808}.Release|Any CPU.Build.0 = Release|Any CPU
		{3C2AAA74-968D-434F-AC3D-70A2AD712D37}.Debug|Any CPU.ActiveCfg = Debug|Any CPU
		{3C2AAA74-968D-434F-AC3D-70A2AD712D37}.Debug|Any CPU.Build.0 = Debug|Any CPU
		{3C2AAA74-968D-434F-AC3D-70A2AD712D37}.Release|Any CPU.ActiveCfg = Release|Any CPU
		{3C2AAA74-968D-434F-AC3D-70A2AD712D37}.Release|Any CPU.Build.0 = Release|Any CPU
		{D34F27C2-C284-4C66-B21A-99EEC5687D69}.Debug|Any CPU.ActiveCfg = Debug|Any CPU
		{D34F27C2-C284-4C66-B21A-99EEC5687D69}.Debug|Any CPU.Build.0 = Debug|Any CPU
		{D34F27C2-C284-4C66-B21A-99EEC5687D69}.Release|Any CPU.ActiveCfg = Release|Any CPU
		{D34F27C2-C284-4C66-B21A-99EEC5687D69}.Release|Any CPU.Build.0 = Release|Any CPU
	EndGlobalSection
	GlobalSection(SolutionProperties) = preSolution
		HideSolutionNode = FALSE
	EndGlobalSection
	GlobalSection(ExtensibilityGlobals) = postSolution
		SolutionGuid = {B022A83C-EA16-4901-A057-87CCE57AF083}
	EndGlobalSection
EndGlobal
